
Microsoft Visual Studio Solution File, Format Version 12.00
# Visual Studio 2013
VisualStudioVersion = 12.0.21005.1
MinimumVisualStudioVersion = 10.0.40219.1
Project("{FAE04EC0-301F-11D3-BF4B-00C04F79EFBC}") = "DOAN_QLTUYENSINHDH", "DOAN_QLTUYENSINHDH\DOAN_QLTUYENSINHDH.csproj", "{8A29D4BC-B71C-4895-BEFB-B376C5528107}"
EndProject
Project("{E24C65DC-7377-472B-9ABA-BC803B73C61A}") = "Web(1)", "Web\", "{0273E825-3B1C-4CCC-B1C6-D5D4457CD289}"
	ProjectSection(WebsiteProperties) = preProject
		TargetFrameworkMoniker = ".NETFramework,Version%3Dv2.0"
		Debug.AspNetCompiler.VirtualPath = "/Web"
		Debug.AspNetCompiler.PhysicalPath = "Web\"
		Debug.AspNetCompiler.TargetPath = "PrecompiledWeb\Web\"
		Debug.AspNetCompiler.Updateable = "true"
		Debug.AspNetCompiler.ForceOverwrite = "true"
		Debug.AspNetCompiler.FixedNames = "false"
		Debug.AspNetCompiler.Debug = "True"
		Release.AspNetCompiler.VirtualPath = "/Web"
		Release.AspNetCompiler.PhysicalPath = "Web\"
		Release.AspNetCompiler.TargetPath = "PrecompiledWeb\Web\"
		Release.AspNetCompiler.Updateable = "true"
		Release.AspNetCompiler.ForceOverwrite = "true"
		Release.AspNetCompiler.FixedNames = "false"
		Release.AspNetCompiler.Debug = "False"
		VWDPort = "57470"
		DefaultWebSiteLanguage = "Visual C#"
	EndProjectSection
EndProject
Global
	GlobalSection(SolutionConfigurationPlatforms) = preSolution
		Debug|.NET = Debug|.NET
		Debug|Any CPU = Debug|Any CPU
		Debug|Mixed Platforms = Debug|Mixed Platforms
		Release|.NET = Release|.NET
		Release|Any CPU = Release|Any CPU
		Release|Mixed Platforms = Release|Mixed Platforms
	EndGlobalSection
	GlobalSection(ProjectConfigurationPlatforms) = postSolution
		{8A29D4BC-B71C-4895-BEFB-B376C5528107}.Debug|.NET.ActiveCfg = Debug|Any CPU
		{8A29D4BC-B71C-4895-BEFB-B376C5528107}.Debug|Any CPU.ActiveCfg = Debug|Any CPU
		{8A29D4BC-B71C-4895-BEFB-B376C5528107}.Debug|Any CPU.Build.0 = Debug|Any CPU
		{8A29D4BC-B71C-4895-BEFB-B376C5528107}.Debug|Mixed Platforms.ActiveCfg = Debug|Any CPU
		{8A29D4BC-B71C-4895-BEFB-B376C5528107}.Debug|Mixed Platforms.Build.0 = Debug|Any CPU
		{8A29D4BC-B71C-4895-BEFB-B376C5528107}.Release|.NET.ActiveCfg = Release|Any CPU
		{8A29D4BC-B71C-4895-BEFB-B376C5528107}.Release|Any CPU.ActiveCfg = Release|Any CPU
		{8A29D4BC-B71C-4895-BEFB-B376C5528107}.Release|Any CPU.Build.0 = Release|Any CPU
		{8A29D4BC-B71C-4895-BEFB-B376C5528107}.Release|Mixed Platforms.ActiveCfg = Release|Any CPU
		{8A29D4BC-B71C-4895-BEFB-B376C5528107}.Release|Mixed Platforms.Build.0 = Release|Any CPU
		{0273E825-3B1C-4CCC-B1C6-D5D4457CD289}.Debug|.NET.ActiveCfg = Debug|Any CPU
		{0273E825-3B1C-4CCC-B1C6-D5D4457CD289}.Debug|Any CPU.ActiveCfg = Debug|Any CPU
		{0273E825-3B1C-4CCC-B1C6-D5D4457CD289}.Debug|Any CPU.Build.0 = Debug|Any CPU
		{0273E825-3B1C-4CCC-B1C6-D5D4457CD289}.Debug|Mixed Platforms.ActiveCfg = Debug|Any CPU
		{0273E825-3B1C-4CCC-B1C6-D5D4457CD289}.Debug|Mixed Platforms.Build.0 = Debug|Any CPU
		{0273E825-3B1C-4CCC-B1C6-D5D4457CD289}.Release|.NET.ActiveCfg = Debug|Any CPU
		{0273E825-3B1C-4CCC-B1C6-D5D4457CD289}.Release|Any CPU.ActiveCfg = Debug|Any CPU
		{0273E825-3B1C-4CCC-B1C6-D5D4457CD289}.Release|Any CPU.Build.0 = Debug|Any CPU
		{0273E825-3B1C-4CCC-B1C6-D5D4457CD289}.Release|Mixed Platforms.ActiveCfg = Debug|Any CPU
		{0273E825-3B1C-4CCC-B1C6-D5D4457CD289}.Release|Mixed Platforms.Build.0 = Debug|Any CPU
	EndGlobalSection
	GlobalSection(SolutionProperties) = preSolution
		HideSolutionNode = FALSE
	EndGlobalSection
EndGlobal
